{
  "name": "open-content-engine",
  "version": "0.0.0",
  "lockfileVersion": 3,
  "requires": true,
  "packages": {
    "": {
      "name": "open-content-engine",
      "version": "0.0.0",
      "license": "Apache-2.0",
      "bin": {
        "engine": "bin/engine.js"
      },
      "devDependencies": {},
      "engines": {
        "node": ">=22"
      }
    }
  }
}
